
Microsoft Visual Studio Solution File, Format Version 12.00
# Visual Studio Version 17
VisualStudioVersion = 17.3.32922.545
MinimumVisualStudioVersion = 10.0.40219.1
Project("{FAE04EC0-301F-11D3-BF4B-00C04F79EFBC}") = "LAB10", "LAB10.csproj", "{1443EAA2-20EB-40A4-86BC-EB500A26F78E}"
EndProject
Global
	GlobalSection(SolutionConfigurationPlatforms) = preSolution
		Debug|Any CPU = Debug|Any CPU
		Release|Any CPU = Release|Any CPU
	EndGlobalSection
	GlobalSection(ProjectConfigurationPlatforms) = postSolution
		{1443EAA2-20EB-40A4-86BC-EB500A26F78E}.Debug|Any CPU.ActiveCfg = Debug|Any CPU
		{1443EAA2-20EB-40A4-86BC-EB500A26F78E}.Debug|Any CPU.Build.0 = Debug|Any CPU
		{1443EAA2-20EB-40A4-86BC-EB500A26F78E}.Release|Any CPU.ActiveCfg = Release|Any CPU
		{1443EAA2-20EB-40A4-86BC-EB500A26F78E}.Release|Any CPU.Build.0 = Release|Any CPU
	EndGlobalSection
	GlobalSection(SolutionProperties) = preSolution
		HideSolutionNode = FALSE
	EndGlobalSection
	GlobalSection(ExtensibilityGlobals) = postSolution
		SolutionGuid = {31BE1916-1A31-4493-8827-71B4105B8EE5}
	EndGlobalSection
EndGlobal
